// !$*UTF8*$!
{
	archiveVersion = 1;
	classes = {
	};
	objectVersion = 51;
	objects = {

/* Begin PBXBuildFile section */
		034371EB2768A881002DF4D9 /* TestStudyExample.swift in Sources */ = {isa = PBXBuildFile; fileRef = 034371EA2768A881002DF4D9 /* TestStudyExample.swift */; };
		034371ED2768A89B002DF4D9 /* TestExampleModel.swift in Sources */ = {isa = PBXBuildFile; fileRef = 034371EC2768A89B002DF4D9 /* TestExampleModel.swift */; };
		039C4FDA2769DE00009C0715 /* BookListReactorUnitTests.swift in Sources */ = {isa = PBXBuildFile; fileRef = 039C4FD92769DE00009C0715 /* BookListReactorUnitTests.swift */; };
		039C4FDF2769E1E2009C0715 /* StubURLSession.swift in Sources */ = {isa = PBXBuildFile; fileRef = 039C4FDE2769E1E2009C0715 /* StubURLSession.swift */; };
		039C4FE1276A1253009C0715 /* UIViewController+Extension.swift in Sources */ = {isa = PBXBuildFile; fileRef = 039C4FE0276A1253009C0715 /* UIViewController+Extension.swift */; };
		24C28207275C88D60091A63A /* AppDelegate.swift in Sources */ = {isa = PBXBuildFile; fileRef = 24C28206275C88D60091A63A /* AppDelegate.swift */; };
		24C28209275C88D60091A63A /* SceneDelegate.swift in Sources */ = {isa = PBXBuildFile; fileRef = 24C28208275C88D60091A63A /* SceneDelegate.swift */; };
		24C2820B275C88D60091A63A /* BookListViewController.swift in Sources */ = {isa = PBXBuildFile; fileRef = 24C2820A275C88D60091A63A /* BookListViewController.swift */; };
		24C2820E275C88D60091A63A /* Main.storyboard in Resources */ = {isa = PBXBuildFile; fileRef = 24C2820C275C88D60091A63A /* Main.storyboard */; };
		24C28210275C88E00091A63A /* Assets.xcassets in Resources */ = {isa = PBXBuildFile; fileRef = 24C2820F275C88E00091A63A /* Assets.xcassets */; };
		24C28213275C88E00091A63A /* LaunchScreen.storyboard in Resources */ = {isa = PBXBuildFile; fileRef = 24C28211275C88E00091A63A /* LaunchScreen.storyboard */; };
		24C2824A275C8D2D0091A63A /* Book.swift in Sources */ = {isa = PBXBuildFile; fileRef = 24C28249275C8D2D0091A63A /* Book.swift */; };
		24C28252275C8E5E0091A63A /* NetworkManager.swift in Sources */ = {isa = PBXBuildFile; fileRef = 24C28251275C8E5E0091A63A /* NetworkManager.swift */; };
		24C2826F275CED920091A63A /* NetworkResultContants.swift in Sources */ = {isa = PBXBuildFile; fileRef = 24C2826E275CED920091A63A /* NetworkResultContants.swift */; };
		24C28278275CEE6F0091A63A /* NetworkModel.swift in Sources */ = {isa = PBXBuildFile; fileRef = 24C28277275CEE6F0091A63A /* NetworkModel.swift */; };
		24C28292275DBA1E0091A63A /* BookListReactor.swift in Sources */ = {isa = PBXBuildFile; fileRef = 24C28291275DBA1E0091A63A /* BookListReactor.swift */; };
		24C2829A275DBA9D0091A63A /* NetworkManagerType.swift in Sources */ = {isa = PBXBuildFile; fileRef = 24C28299275DBA9D0091A63A /* NetworkManagerType.swift */; };
		24C282E3275DE7000091A63A /* BookListTableViewCell.swift in Sources */ = {isa = PBXBuildFile; fileRef = 24C282E2275DE7000091A63A /* BookListTableViewCell.swift */; };
		24C282F5275F27670091A63A /* String+Extension.swift in Sources */ = {isa = PBXBuildFile; fileRef = 24C282F4275F27660091A63A /* String+Extension.swift */; };
		24C282FA275F332C0091A63A /* QueryCollectionViewCell.swift in Sources */ = {isa = PBXBuildFile; fileRef = 24C282F9275F332C0091A63A /* QueryCollectionViewCell.swift */; };
		24C2830827609AAC0091A63A /* NetworkManagerUnitTests.swift in Sources */ = {isa = PBXBuildFile; fileRef = 24C2830727609AAC0091A63A /* NetworkManagerUnitTests.swift */; };
		24C2831027609B030091A63A /* URLSessionType.swift in Sources */ = {isa = PBXBuildFile; fileRef = 24C2830F27609B030091A63A /* URLSessionType.swift */; };
		9456015E8698BC40E83EB648 /* Pods_BookFriendTests.framework in Frameworks */ = {isa = PBXBuildFile; fileRef = 3C8C457AEA4BAF415E167A34 /* Pods_BookFriendTests.framework */; };
		9BA13EEE48C77FA690CD6DC4 /* Pods_BookFriend.framework in Frameworks */ = {isa = PBXBuildFile; fileRef = 6A123C89EE0464941450B1EA /* Pods_BookFriend.framework */; };
/* End PBXBuildFile section */

/* Begin PBXContainerItemProxy section */
		24C2821A275C88E00091A63A /* PBXContainerItemProxy */ = {
			isa = PBXContainerItemProxy;
			containerPortal = 24C281FB275C88D50091A63A /* Project object */;
			proxyType = 1;
			remoteGlobalIDString = 24C28202275C88D60091A63A;
			remoteInfo = BookFriend;
		};
/* End PBXContainerItemProxy section */

/* Begin PBXFileReference section */
		034371EA2768A881002DF4D9 /* TestStudyExample.swift */ = {isa = PBXFileReference; lastKnownFileType = sourcecode.swift; path = TestStudyExample.swift; sourceTree = "<group>"; };
		034371EC2768A89B002DF4D9 /* TestExampleModel.swift */ = {isa = PBXFileReference; lastKnownFileType = sourcecode.swift; path = TestExampleModel.swift; sourceTree = "<group>"; };
		039C4FD92769DE00009C0715 /* BookListReactorUnitTests.swift */ = {isa = PBXFileReference; lastKnownFileType = sourcecode.swift; path = BookListReactorUnitTests.swift; sourceTree = "<group>"; };
		039C4FDE2769E1E2009C0715 /* StubURLSession.swift */ = {isa = PBXFileReference; lastKnownFileType = sourcecode.swift; path = StubURLSession.swift; sourceTree = "<group>"; };
		039C4FE0276A1253009C0715 /* UIViewController+Extension.swift */ = {isa = PBXFileReference; lastKnownFileType = sourcecode.swift; path = "UIViewController+Extension.swift"; sourceTree = "<group>"; };
		039C4FE2276A19B8009C0715 /* Nimble.framework */ = {isa = PBXFileReference; explicitFileType = wrapper.framework; path = Nimble.framework; sourceTree = BUILT_PRODUCTS_DIR; };
		12EF6E342D40B5B6AE40C47A /* Pods-BookFriend-BookFriendUITests.release.xcconfig */ = {isa = PBXFileReference; includeInIndex = 1; lastKnownFileType = text.xcconfig; name = "Pods-BookFriend-BookFriendUITests.release.xcconfig"; path = "Target Support Files/Pods-BookFriend-BookFriendUITests/Pods-BookFriend-BookFriendUITests.release.xcconfig"; sourceTree = "<group>"; };
		24C28203275C88D60091A63A /* BookFriend.app */ = {isa = PBXFileReference; explicitFileType = wrapper.application; includeInIndex = 0; path = BookFriend.app; sourceTree = BUILT_PRODUCTS_DIR; };
		24C28206275C88D60091A63A /* AppDelegate.swift */ = {isa = PBXFileReference; lastKnownFileType = sourcecode.swift; path = AppDelegate.swift; sourceTree = "<group>"; };
		24C28208275C88D60091A63A /* SceneDelegate.swift */ = {isa = PBXFileReference; lastKnownFileType = sourcecode.swift; path = SceneDelegate.swift; sourceTree = "<group>"; };
		24C2820A275C88D60091A63A /* BookListViewController.swift */ = {isa = PBXFileReference; lastKnownFileType = sourcecode.swift; path = BookListViewController.swift; sourceTree = "<group>"; };
		24C2820D275C88D60091A63A /* Base */ = {isa = PBXFileReference; lastKnownFileType = file.storyboard; name = Base; path = Base.lproj/Main.storyboard; sourceTree = "<group>"; };
		24C2820F275C88E00091A63A /* Assets.xcassets */ = {isa = PBXFileReference; lastKnownFileType = folder.assetcatalog; path = Assets.xcassets; sourceTree = "<group>"; };
		24C28212275C88E00091A63A /* Base */ = {isa = PBXFileReference; lastKnownFileType = file.storyboard; name = Base; path = Base.lproj/LaunchScreen.storyboard; sourceTree = "<group>"; };
		24C28214275C88E00091A63A /* Info.plist */ = {isa = PBXFileReference; lastKnownFileType = text.plist.xml; path = Info.plist; sourceTree = "<group>"; };
		24C28219275C88E00091A63A /* BookFriendTests.xctest */ = {isa = PBXFileReference; explicitFileType = wrapper.cfbundle; includeInIndex = 0; path = BookFriendTests.xctest; sourceTree = BUILT_PRODUCTS_DIR; };
		24C2821F275C88E00091A63A /* Info.plist */ = {isa = PBXFileReference; lastKnownFileType = text.plist.xml; path = Info.plist; sourceTree = "<group>"; };
		24C28249275C8D2D0091A63A /* Book.swift */ = {isa = PBXFileReference; lastKnownFileType = sourcecode.swift; path = Book.swift; sourceTree = "<group>"; };
		24C28251275C8E5E0091A63A /* NetworkManager.swift */ = {isa = PBXFileReference; lastKnownFileType = sourcecode.swift; path = NetworkManager.swift; sourceTree = "<group>"; };
		24C2826E275CED920091A63A /* NetworkResultContants.swift */ = {isa = PBXFileReference; lastKnownFileType = sourcecode.swift; path = NetworkResultContants.swift; sourceTree = "<group>"; };
		24C28277275CEE6F0091A63A /* NetworkModel.swift */ = {isa = PBXFileReference; lastKnownFileType = sourcecode.swift; path = NetworkModel.swift; sourceTree = "<group>"; };
		24C28291275DBA1E0091A63A /* BookListReactor.swift */ = {isa = PBXFileReference; lastKnownFileType = sourcecode.swift; path = BookListReactor.swift; sourceTree = "<group>"; };
		24C28299275DBA9D0091A63A /* NetworkManagerType.swift */ = {isa = PBXFileReference; lastKnownFileType = sourcecode.swift; path = NetworkManagerType.swift; sourceTree = "<group>"; };
		24C282E2275DE7000091A63A /* BookListTableViewCell.swift */ = {isa = PBXFileReference; lastKnownFileType = sourcecode.swift; path = BookListTableViewCell.swift; sourceTree = "<group>"; };
		24C282F4275F27660091A63A /* String+Extension.swift */ = {isa = PBXFileReference; lastKnownFileType = sourcecode.swift; path = "String+Extension.swift"; sourceTree = "<group>"; };
		24C282F9275F332C0091A63A /* QueryCollectionViewCell.swift */ = {isa = PBXFileReference; lastKnownFileType = sourcecode.swift; path = QueryCollectionViewCell.swift; sourceTree = "<group>"; };
		24C2830727609AAC0091A63A /* NetworkManagerUnitTests.swift */ = {isa = PBXFileReference; lastKnownFileType = sourcecode.swift; path = NetworkManagerUnitTests.swift; sourceTree = "<group>"; };
		24C2830F27609B030091A63A /* URLSessionType.swift */ = {isa = PBXFileReference; lastKnownFileType = sourcecode.swift; path = URLSessionType.swift; sourceTree = "<group>"; };
		32970C048EC0950B9B4070F6 /* Pods-BookFriend.debug.xcconfig */ = {isa = PBXFileReference; includeInIndex = 1; lastKnownFileType = text.xcconfig; name = "Pods-BookFriend.debug.xcconfig"; path = "Target Support Files/Pods-BookFriend/Pods-BookFriend.debug.xcconfig"; sourceTree = "<group>"; };
		3C8C457AEA4BAF415E167A34 /* Pods_BookFriendTests.framework */ = {isa = PBXFileReference; explicitFileType = wrapper.framework; includeInIndex = 0; path = Pods_BookFriendTests.framework; sourceTree = BUILT_PRODUCTS_DIR; };
		55AE8BC86C0107264592C772 /* Pods-BookFriendTests.release.xcconfig */ = {isa = PBXFileReference; includeInIndex = 1; lastKnownFileType = text.xcconfig; name = "Pods-BookFriendTests.release.xcconfig"; path = "Target Support Files/Pods-BookFriendTests/Pods-BookFriendTests.release.xcconfig"; sourceTree = "<group>"; };
		5C024AC8B7AB6988E8CDCF06 /* Pods-BookFriend.release.xcconfig */ = {isa = PBXFileReference; includeInIndex = 1; lastKnownFileType = text.xcconfig; name = "Pods-BookFriend.release.xcconfig"; path = "Target Support Files/Pods-BookFriend/Pods-BookFriend.release.xcconfig"; sourceTree = "<group>"; };
		6A123C89EE0464941450B1EA /* Pods_BookFriend.framework */ = {isa = PBXFileReference; explicitFileType = wrapper.framework; includeInIndex = 0; path = Pods_BookFriend.framework; sourceTree = BUILT_PRODUCTS_DIR; };
		B85735CE01341D8DE5F3304B /* Pods-BookFriend-BookFriendUITests.debug.xcconfig */ = {isa = PBXFileReference; includeInIndex = 1; lastKnownFileType = text.xcconfig; name = "Pods-BookFriend-BookFriendUITests.debug.xcconfig"; path = "Target Support Files/Pods-BookFriend-BookFriendUITests/Pods-BookFriend-BookFriendUITests.debug.xcconfig"; sourceTree = "<group>"; };
		FB7394D84C397AE33C6067C7 /* Pods-BookFriendTests.debug.xcconfig */ = {isa = PBXFileReference; includeInIndex = 1; lastKnownFileType = text.xcconfig; name = "Pods-BookFriendTests.debug.xcconfig"; path = "Target Support Files/Pods-BookFriendTests/Pods-BookFriendTests.debug.xcconfig"; sourceTree = "<group>"; };
/* End PBXFileReference section */

/* Begin PBXFrameworksBuildPhase section */
		24C28200275C88D60091A63A /* Frameworks */ = {
			isa = PBXFrameworksBuildPhase;
			buildActionMask = 2147483647;
			files = (
				9BA13EEE48C77FA690CD6DC4 /* Pods_BookFriend.framework in Frameworks */,
			);
			runOnlyForDeploymentPostprocessing = 0;
		};
		24C28216275C88E00091A63A /* Frameworks */ = {
			isa = PBXFrameworksBuildPhase;
			buildActionMask = 2147483647;
			files = (
				9456015E8698BC40E83EB648 /* Pods_BookFriendTests.framework in Frameworks */,
			);
			runOnlyForDeploymentPostprocessing = 0;
		};
/* End PBXFrameworksBuildPhase section */

/* Begin PBXGroup section */
		034371EE2768CCF7002DF4D9 /* TestStudy */ = {
			isa = PBXGroup;
			children = (
				034371EC2768A89B002DF4D9 /* TestExampleModel.swift */,
				034371EA2768A881002DF4D9 /* TestStudyExample.swift */,
			);
			path = TestStudy;
			sourceTree = "<group>";
		};
		039C4FDD2769E1A6009C0715 /* TestModel */ = {
			isa = PBXGroup;
			children = (
				039C4FDE2769E1E2009C0715 /* StubURLSession.swift */,
			);
			path = TestModel;
			sourceTree = "<group>";
		};
		24A6020A276B3EB700248388 /* Storyboard */ = {
			isa = PBXGroup;
			children = (
				24C2820C275C88D60091A63A /* Main.storyboard */,
				24C28211275C88E00091A63A /* LaunchScreen.storyboard */,
			);
			path = Storyboard;
			sourceTree = "<group>";
		};
		24C281FA275C88D50091A63A = {
			isa = PBXGroup;
			children = (
				24C28205275C88D60091A63A /* BookFriend */,
				24C2821C275C88E00091A63A /* BookFriendTests */,
				24C28204275C88D60091A63A /* Products */,
				D1D7FF41B09AE706F42FFFE2 /* Pods */,
				87F201A37551A14ED3BC0E70 /* Frameworks */,
			);
			sourceTree = "<group>";
		};
		24C28204275C88D60091A63A /* Products */ = {
			isa = PBXGroup;
			children = (
				24C28203275C88D60091A63A /* BookFriend.app */,
				24C28219275C88E00091A63A /* BookFriendTests.xctest */,
			);
			name = Products;
			sourceTree = "<group>";
		};
		24C28205275C88D60091A63A /* BookFriend */ = {
			isa = PBXGroup;
			children = (
				24C28206275C88D60091A63A /* AppDelegate.swift */,
				24C28208275C88D60091A63A /* SceneDelegate.swift */,
				24C28287275DB91F0091A63A /* API */,
				24C28256275C8E630091A63A /* Manager */,
				24C28248275C8D210091A63A /* Model */,
				24C28291275DBA1E0091A63A /* BookListReactor.swift */,
				24C2820A275C88D60091A63A /* BookListViewController.swift */,
				24C282E2275DE7000091A63A /* BookListTableViewCell.swift */,
				24C282F9275F332C0091A63A /* QueryCollectionViewCell.swift */,
				24A6020A276B3EB700248388 /* Storyboard */,
				24C2820F275C88E00091A63A /* Assets.xcassets */,
				24C28214275C88E00091A63A /* Info.plist */,
			);
			path = BookFriend;
			sourceTree = "<group>";
		};
		24C2821C275C88E00091A63A /* BookFriendTests */ = {
			isa = PBXGroup;
			children = (
				034371EE2768CCF7002DF4D9 /* TestStudy */,
				039C4FDD2769E1A6009C0715 /* TestModel */,
				24C2830727609AAC0091A63A /* NetworkManagerUnitTests.swift */,
				039C4FD92769DE00009C0715 /* BookListReactorUnitTests.swift */,
				24C2821F275C88E00091A63A /* Info.plist */,
			);
			path = BookFriendTests;
			sourceTree = "<group>";
		};
		24C28248275C8D210091A63A /* Model */ = {
			isa = PBXGroup;
			children = (
				24C28249275C8D2D0091A63A /* Book.swift */,
			);
			path = Model;
			sourceTree = "<group>";
		};
		24C28256275C8E630091A63A /* Manager */ = {
			isa = PBXGroup;
			children = (
				24C28299275DBA9D0091A63A /* NetworkManagerType.swift */,
				24C28251275C8E5E0091A63A /* NetworkManager.swift */,
				24C28277275CEE6F0091A63A /* NetworkModel.swift */,
			);
			path = Manager;
			sourceTree = "<group>";
		};
		24C28268275C8F7B0091A63A /* Constants */ = {
			isa = PBXGroup;
			children = (
				24C2826E275CED920091A63A /* NetworkResultContants.swift */,
			);
			path = Constants;
			sourceTree = "<group>";
		};
		24C28287275DB91F0091A63A /* API */ = {
			isa = PBXGroup;
			children = (
				24C282A6275DBABF0091A63A /* Protocol */,
				24C28288275DB92C0091A63A /* Extension */,
				24C28268275C8F7B0091A63A /* Constants */,
			);
			path = API;
			sourceTree = "<group>";
		};
		24C28288275DB92C0091A63A /* Extension */ = {
			isa = PBXGroup;
			children = (
				24C282F4275F27660091A63A /* String+Extension.swift */,
				039C4FE0276A1253009C0715 /* UIViewController+Extension.swift */,
			);
			path = Extension;
			sourceTree = "<group>";
		};
		24C282A6275DBABF0091A63A /* Protocol */ = {
			isa = PBXGroup;
			children = (
				24C2830F27609B030091A63A /* URLSessionType.swift */,
			);
			path = Protocol;
			sourceTree = "<group>";
		};
		87F201A37551A14ED3BC0E70 /* Frameworks */ = {
			isa = PBXGroup;
			children = (
				039C4FE2276A19B8009C0715 /* Nimble.framework */,
				6A123C89EE0464941450B1EA /* Pods_BookFriend.framework */,
				3C8C457AEA4BAF415E167A34 /* Pods_BookFriendTests.framework */,
			);
			name = Frameworks;
			sourceTree = "<group>";
		};
		D1D7FF41B09AE706F42FFFE2 /* Pods */ = {
			isa = PBXGroup;
			children = (
				32970C048EC0950B9B4070F6 /* Pods-BookFriend.debug.xcconfig */,
				5C024AC8B7AB6988E8CDCF06 /* Pods-BookFriend.release.xcconfig */,
				B85735CE01341D8DE5F3304B /* Pods-BookFriend-BookFriendUITests.debug.xcconfig */,
				12EF6E342D40B5B6AE40C47A /* Pods-BookFriend-BookFriendUITests.release.xcconfig */,
				FB7394D84C397AE33C6067C7 /* Pods-BookFriendTests.debug.xcconfig */,
				55AE8BC86C0107264592C772 /* Pods-BookFriendTests.release.xcconfig */,
			);
			path = Pods;
			sourceTree = "<group>";
		};
/* End PBXGroup section */

/* Begin PBXNativeTarget section */
		24C28202275C88D60091A63A /* BookFriend */ = {
			isa = PBXNativeTarget;
			buildConfigurationList = 24C2822D275C88E00091A63A /* Build configuration list for PBXNativeTarget "BookFriend" */;
			buildPhases = (
				C1D795953D1E343A92E76FA2 /* [CP] Check Pods Manifest.lock */,
				24C281FF275C88D60091A63A /* Sources */,
				24C28200275C88D60091A63A /* Frameworks */,
				24C28201275C88D60091A63A /* Resources */,
				0D34782FD0696CB2431E3D9A /* [CP] Embed Pods Frameworks */,
			);
			buildRules = (
			);
			dependencies = (
			);
			name = BookFriend;
			productName = BookFriend;
			productReference = 24C28203275C88D60091A63A /* BookFriend.app */;
			productType = "com.apple.product-type.application";
		};
		24C28218275C88E00091A63A /* BookFriendTests */ = {
			isa = PBXNativeTarget;
			buildConfigurationList = 24C28230275C88E00091A63A /* Build configuration list for PBXNativeTarget "BookFriendTests" */;
			buildPhases = (
				99A96F3E805AD3FF0924A92C /* [CP] Check Pods Manifest.lock */,
				24C28215275C88E00091A63A /* Sources */,
				24C28216275C88E00091A63A /* Frameworks */,
				24C28217275C88E00091A63A /* Resources */,
				262EF5CD53CCFEECE0308215 /* [CP] Embed Pods Frameworks */,
			);
			buildRules = (
			);
			dependencies = (
				24C2821B275C88E00091A63A /* PBXTargetDependency */,
			);
			name = BookFriendTests;
			productName = BookFriendTests;
			productReference = 24C28219275C88E00091A63A /* BookFriendTests.xctest */;
			productType = "com.apple.product-type.bundle.unit-test";
		};
/* End PBXNativeTarget section */

/* Begin PBXProject section */
		24C281FB275C88D50091A63A /* Project object */ = {
			isa = PBXProject;
			attributes = {
				LastSwiftUpdateCheck = 1240;
				LastUpgradeCheck = 1240;
				TargetAttributes = {
					24C28202275C88D60091A63A = {
						CreatedOnToolsVersion = 12.4;
					};
					24C28218275C88E00091A63A = {
						CreatedOnToolsVersion = 12.4;
						LastSwiftMigration = 1240;
						TestTargetID = 24C28202275C88D60091A63A;
					};
				};
			};
			buildConfigurationList = 24C281FE275C88D50091A63A /* Build configuration list for PBXProject "BookFriend" */;
			compatibilityVersion = "Xcode 9.3";
			developmentRegion = en;
			hasScannedForEncodings = 0;
			knownRegions = (
				en,
				Base,
			);
			mainGroup = 24C281FA275C88D50091A63A;
			productRefGroup = 24C28204275C88D60091A63A /* Products */;
			projectDirPath = "";
			projectRoot = "";
			targets = (
				24C28202275C88D60091A63A /* BookFriend */,
				24C28218275C88E00091A63A /* BookFriendTests */,
			);
		};
/* End PBXProject section */

/* Begin PBXResourcesBuildPhase section */
		24C28201275C88D60091A63A /* Resources */ = {
			isa = PBXResourcesBuildPhase;
			buildActionMask = 2147483647;
			files = (
				24C28213275C88E00091A63A /* LaunchScreen.storyboard in Resources */,
				24C28210275C88E00091A63A /* Assets.xcassets in Resources */,
				24C2820E275C88D60091A63A /* Main.storyboard in Resources */,
			);
			runOnlyForDeploymentPostprocessing = 0;
		};
		24C28217275C88E00091A63A /* Resources */ = {
			isa = PBXResourcesBuildPhase;
			buildActionMask = 2147483647;
			files = (
			);
			runOnlyForDeploymentPostprocessing = 0;
		};
/* End PBXResourcesBuildPhase section */

/* Begin PBXShellScriptBuildPhase section */
		0D34782FD0696CB2431E3D9A /* [CP] Embed Pods Frameworks */ = {
			isa = PBXShellScriptBuildPhase;
			buildActionMask = 2147483647;
			files = (
			);
			inputFileListPaths = (
				"${PODS_ROOT}/Target Support Files/Pods-BookFriend/Pods-BookFriend-frameworks-${CONFIGURATION}-input-files.xcfilelist",
			);
			name = "[CP] Embed Pods Frameworks";
			outputFileListPaths = (
				"${PODS_ROOT}/Target Support Files/Pods-BookFriend/Pods-BookFriend-frameworks-${CONFIGURATION}-output-files.xcfilelist",
			);
			runOnlyForDeploymentPostprocessing = 0;
			shellPath = /bin/sh;
			shellScript = "\"${PODS_ROOT}/Target Support Files/Pods-BookFriend/Pods-BookFriend-frameworks.sh\"\n";
			showEnvVarsInLog = 0;
		};
		262EF5CD53CCFEECE0308215 /* [CP] Embed Pods Frameworks */ = {
			isa = PBXShellScriptBuildPhase;
			buildActionMask = 2147483647;
			files = (
			);
			inputFileListPaths = (
				"${PODS_ROOT}/Target Support Files/Pods-BookFriendTests/Pods-BookFriendTests-frameworks-${CONFIGURATION}-input-files.xcfilelist",
			);
			name = "[CP] Embed Pods Frameworks";
			outputFileListPaths = (
				"${PODS_ROOT}/Target Support Files/Pods-BookFriendTests/Pods-BookFriendTests-frameworks-${CONFIGURATION}-output-files.xcfilelist",
			);
			runOnlyForDeploymentPostprocessing = 0;
			shellPath = /bin/sh;
			shellScript = "\"${PODS_ROOT}/Target Support Files/Pods-BookFriendTests/Pods-BookFriendTests-frameworks.sh\"\n";
			showEnvVarsInLog = 0;
		};
		99A96F3E805AD3FF0924A92C /* [CP] Check Pods Manifest.lock */ = {
			isa = PBXShellScriptBuildPhase;
			buildActionMask = 2147483647;
			files = (
			);
			inputFileListPaths = (
			);
			inputPaths = (
				"${PODS_PODFILE_DIR_PATH}/Podfile.lock",
				"${PODS_ROOT}/Manifest.lock",
			);
			name = "[CP] Check Pods Manifest.lock";
			outputFileListPaths = (
			);
			outputPaths = (
				"$(DERIVED_FILE_DIR)/Pods-BookFriendTests-checkManifestLockResult.txt",
			);
			runOnlyForDeploymentPostprocessing = 0;
			shellPath = /bin/sh;
			shellScript = "diff \"${PODS_PODFILE_DIR_PATH}/Podfile.lock\" \"${PODS_ROOT}/Manifest.lock\" > /dev/null\nif [ $? != 0 ] ; then\n    # print error to STDERR\n    echo \"error: The sandbox is not in sync with the Podfile.lock. Run 'pod install' or update your CocoaPods installation.\" >&2\n    exit 1\nfi\n# This output is used by Xcode 'outputs' to avoid re-running this script phase.\necho \"SUCCESS\" > \"${SCRIPT_OUTPUT_FILE_0}\"\n";
			showEnvVarsInLog = 0;
		};
		C1D795953D1E343A92E76FA2 /* [CP] Check Pods Manifest.lock */ = {
			isa = PBXShellScriptBuildPhase;
			buildActionMask = 2147483647;
			files = (
			);
			inputFileListPaths = (
			);
			inputPaths = (
				"${PODS_PODFILE_DIR_PATH}/Podfile.lock",
				"${PODS_ROOT}/Manifest.lock",
			);
			name = "[CP] Check Pods Manifest.lock";
			outputFileListPaths = (
			);
			outputPaths = (
				"$(DERIVED_FILE_DIR)/Pods-BookFriend-checkManifestLockResult.txt",
			);
			runOnlyForDeploymentPostprocessing = 0;
			shellPath = /bin/sh;
			shellScript = "diff \"${PODS_PODFILE_DIR_PATH}/Podfile.lock\" \"${PODS_ROOT}/Manifest.lock\" > /dev/null\nif [ $? != 0 ] ; then\n    # print error to STDERR\n    echo \"error: The sandbox is not in sync with the Podfile.lock. Run 'pod install' or update your CocoaPods installation.\" >&2\n    exit 1\nfi\n# This output is used by Xcode 'outputs' to avoid re-running this script phase.\necho \"SUCCESS\" > \"${SCRIPT_OUTPUT_FILE_0}\"\n";
			showEnvVarsInLog = 0;
		};
/* End PBXShellScriptBuildPhase section */

/* Begin PBXSourcesBuildPhase section */
		24C281FF275C88D60091A63A /* Sources */ = {
			isa = PBXSourcesBuildPhase;
			buildActionMask = 2147483647;
			files = (
				24C282FA275F332C0091A63A /* QueryCollectionViewCell.swift in Sources */,
				24C2829A275DBA9D0091A63A /* NetworkManagerType.swift in Sources */,
				24C2824A275C8D2D0091A63A /* Book.swift in Sources */,
				24C282F5275F27670091A63A /* String+Extension.swift in Sources */,
				039C4FE1276A1253009C0715 /* UIViewController+Extension.swift in Sources */,
				24C282E3275DE7000091A63A /* BookListTableViewCell.swift in Sources */,
				24C2820B275C88D60091A63A /* BookListViewController.swift in Sources */,
				24C28252275C8E5E0091A63A /* NetworkManager.swift in Sources */,
				24C2826F275CED920091A63A /* NetworkResultContants.swift in Sources */,
				24C28207275C88D60091A63A /* AppDelegate.swift in Sources */,
				24C28209275C88D60091A63A /* SceneDelegate.swift in Sources */,
				24C28278275CEE6F0091A63A /* NetworkModel.swift in Sources */,
				24C2831027609B030091A63A /* URLSessionType.swift in Sources */,
				24C28292275DBA1E0091A63A /* BookListReactor.swift in Sources */,
			);
			runOnlyForDeploymentPostprocessing = 0;
		};
		24C28215275C88E00091A63A /* Sources */ = {
			isa = PBXSourcesBuildPhase;
			buildActionMask = 2147483647;
			files = (
				034371ED2768A89B002DF4D9 /* TestExampleModel.swift in Sources */,
				034371EB2768A881002DF4D9 /* TestStudyExample.swift in Sources */,
				24C2830827609AAC0091A63A /* NetworkManagerUnitTests.swift in Sources */,
				039C4FDF2769E1E2009C0715 /* StubURLSession.swift in Sources */,
				039C4FDA2769DE00009C0715 /* BookListReactorUnitTests.swift in Sources */,
			);
			runOnlyForDeploymentPostprocessing = 0;
		};
/* End PBXSourcesBuildPhase section */

/* Begin PBXTargetDependency section */
		24C2821B275C88E00091A63A /* PBXTargetDependency */ = {
			isa = PBXTargetDependency;
			target = 24C28202275C88D60091A63A /* BookFriend */;
			targetProxy = 24C2821A275C88E00091A63A /* PBXContainerItemProxy */;
		};
/* End PBXTargetDependency section */

/* Begin PBXVariantGroup section */
		24C2820C275C88D60091A63A /* Main.storyboard */ = {
			isa = PBXVariantGroup;
			children = (
				24C2820D275C88D60091A63A /* Base */,
			);
			name = Main.storyboard;
			sourceTree = "<group>";
		};
		24C28211275C88E00091A63A /* LaunchScreen.storyboard */ = {
			isa = PBXVariantGroup;
			children = (
				24C28212275C88E00091A63A /* Base */,
			);
			name = LaunchScreen.storyboard;
			sourceTree = "<group>";
		};
/* End PBXVariantGroup section */

/* Begin XCBuildConfiguration section */
		24C2822B275C88E00091A63A /* Debug */ = {
			isa = XCBuildConfiguration;
			buildSettings = {
				ALWAYS_SEARCH_USER_PATHS = NO;
				CLANG_ANALYZER_NONNULL = YES;
				CLANG_ANALYZER_NUMBER_OBJECT_CONVERSION = YES_AGGRESSIVE;
				CLANG_CXX_LANGUAGE_STANDARD = "gnu++14";
				CLANG_CXX_LIBRARY = "libc++";
				CLANG_ENABLE_MODULES = YES;
				CLANG_ENABLE_OBJC_ARC = YES;
				CLANG_ENABLE_OBJC_WEAK = YES;
				CLANG_WARN_BLOCK_CAPTURE_AUTORELEASING = YES;
				CLANG_WARN_BOOL_CONVERSION = YES;
				CLANG_WARN_COMMA = YES;
				CLANG_WARN_CONSTANT_CONVERSION = YES;
				CLANG_WARN_DEPRECATED_OBJC_IMPLEMENTATIONS = YES;
				CLANG_WARN_DIRECT_OBJC_ISA_USAGE = YES_ERROR;
				CLANG_WARN_DOCUMENTATION_COMMENTS = YES;
				CLANG_WARN_EMPTY_BODY = YES;
				CLANG_WARN_ENUM_CONVERSION = YES;
				CLANG_WARN_INFINITE_RECURSION = YES;
				CLANG_WARN_INT_CONVERSION = YES;
				CLANG_WARN_NON_LITERAL_NULL_CONVERSION = YES;
				CLANG_WARN_OBJC_IMPLICIT_RETAIN_SELF = YES;
				CLANG_WARN_OBJC_LITERAL_CONVERSION = YES;
				CLANG_WARN_OBJC_ROOT_CLASS = YES_ERROR;
				CLANG_WARN_QUOTED_INCLUDE_IN_FRAMEWORK_HEADER = YES;
				CLANG_WARN_RANGE_LOOP_ANALYSIS = YES;
				CLANG_WARN_STRICT_PROTOTYPES = YES;
				CLANG_WARN_SUSPICIOUS_MOVE = YES;
				CLANG_WARN_UNGUARDED_AVAILABILITY = YES_AGGRESSIVE;
				CLANG_WARN_UNREACHABLE_CODE = YES;
				CLANG_WARN__DUPLICATE_METHOD_MATCH = YES;
				COPY_PHASE_STRIP = NO;
				DEBUG_INFORMATION_FORMAT = dwarf;
				ENABLE_STRICT_OBJC_MSGSEND = YES;
				ENABLE_TESTABILITY = YES;
				GCC_C_LANGUAGE_STANDARD = gnu11;
				GCC_DYNAMIC_NO_PIC = NO;
				GCC_NO_COMMON_BLOCKS = YES;
				GCC_OPTIMIZATION_LEVEL = 0;
				GCC_PREPROCESSOR_DEFINITIONS = (
					"DEBUG=1",
					"$(inherited)",
				);
				GCC_WARN_64_TO_32_BIT_CONVERSION = YES;
				GCC_WARN_ABOUT_RETURN_TYPE = YES_ERROR;
				GCC_WARN_UNDECLARED_SELECTOR = YES;
				GCC_WARN_UNINITIALIZED_AUTOS = YES_AGGRESSIVE;
				GCC_WARN_UNUSED_FUNCTION = YES;
				GCC_WARN_UNUSED_VARIABLE = YES;
				IPHONEOS_DEPLOYMENT_TARGET = 13.0;
				MTL_ENABLE_DEBUG_INFO = INCLUDE_SOURCE;
				MTL_FAST_MATH = YES;
				ONLY_ACTIVE_ARCH = YES;
				SDKROOT = iphoneos;
				SWIFT_ACTIVE_COMPILATION_CONDITIONS = DEBUG;
				SWIFT_OPTIMIZATION_LEVEL = "-Onone";
			};
			name = Debug;
		};
		24C2822C275C88E00091A63A /* Release */ = {
			isa = XCBuildConfiguration;
			buildSettings = {
				ALWAYS_SEARCH_USER_PATHS = NO;
				CLANG_ANALYZER_NONNULL = YES;
				CLANG_ANALYZER_NUMBER_OBJECT_CONVERSION = YES_AGGRESSIVE;
				CLANG_CXX_LANGUAGE_STANDARD = "gnu++14";
				CLANG_CXX_LIBRARY = "libc++";
				CLANG_ENABLE_MODULES = YES;
				CLANG_ENABLE_OBJC_ARC = YES;
				CLANG_ENABLE_OBJC_WEAK = YES;
				CLANG_WARN_BLOCK_CAPTURE_AUTORELEASING = YES;
				CLANG_WARN_BOOL_CONVERSION = YES;
				CLANG_WARN_COMMA = YES;
				CLANG_WARN_CONSTANT_CONVERSION = YES;
				CLANG_WARN_DEPRECATED_OBJC_IMPLEMENTATIONS = YES;
				CLANG_WARN_DIRECT_OBJC_ISA_USAGE = YES_ERROR;
				CLANG_WARN_DOCUMENTATION_COMMENTS = YES;
				CLANG_WARN_EMPTY_BODY = YES;
				CLANG_WARN_ENUM_CONVERSION = YES;
				CLANG_WARN_INFINITE_RECURSION = YES;
				CLANG_WARN_INT_CONVERSION = YES;
				CLANG_WARN_NON_LITERAL_NULL_CONVERSION = YES;
				CLANG_WARN_OBJC_IMPLICIT_RETAIN_SELF = YES;
				CLANG_WARN_OBJC_LITERAL_CONVERSION = YES;
				CLANG_WARN_OBJC_ROOT_CLASS = YES_ERROR;
				CLANG_WARN_QUOTED_INCLUDE_IN_FRAMEWORK_HEADER = YES;
				CLANG_WARN_RANGE_LOOP_ANALYSIS = YES;
				CLANG_WARN_STRICT_PROTOTYPES = YES;
				CLANG_WARN_SUSPICIOUS_MOVE = YES;
				CLANG_WARN_UNGUARDED_AVAILABILITY = YES_AGGRESSIVE;
				CLANG_WARN_UNREACHABLE_CODE = YES;
				CLANG_WARN__DUPLICATE_METHOD_MATCH = YES;
				COPY_PHASE_STRIP = NO;
				DEBUG_INFORMATION_FORMAT = "dwarf-with-dsym";
				ENABLE_NS_ASSERTIONS = NO;
				ENABLE_STRICT_OBJC_MSGSEND = YES;
				GCC_C_LANGUAGE_STANDARD = gnu11;
				GCC_NO_COMMON_BLOCKS = YES;
				GCC_WARN_64_TO_32_BIT_CONVERSION = YES;
				GCC_WARN_ABOUT_RETURN_TYPE = YES_ERROR;
				GCC_WARN_UNDECLARED_SELECTOR = YES;
				GCC_WARN_UNINITIALIZED_AUTOS = YES_AGGRESSIVE;
				GCC_WARN_UNUSED_FUNCTION = YES;
				GCC_WARN_UNUSED_VARIABLE = YES;
				IPHONEOS_DEPLOYMENT_TARGET = 13.0;
				MTL_ENABLE_DEBUG_INFO = NO;
				MTL_FAST_MATH = YES;
				SDKROOT = iphoneos;
				SWIFT_COMPILATION_MODE = wholemodule;
				SWIFT_OPTIMIZATION_LEVEL = "-O";
				VALIDATE_PRODUCT = YES;
			};
			name = Release;
		};
		24C2822E275C88E00091A63A /* Debug */ = {
			isa = XCBuildConfiguration;
			baseConfigurationReference = 32970C048EC0950B9B4070F6 /* Pods-BookFriend.debug.xcconfig */;
			buildSettings = {
				ASSETCATALOG_COMPILER_APPICON_NAME = AppIcon;
				ASSETCATALOG_COMPILER_GLOBAL_ACCENT_COLOR_NAME = AccentColor;
				CODE_SIGN_STYLE = Automatic;
				DEVELOPMENT_TEAM = MBAJ2NCPU9;
				INFOPLIST_FILE = BookFriend/Info.plist;
				LD_RUNPATH_SEARCH_PATHS = (
					"$(inherited)",
					"@executable_path/Frameworks",
				);
				PRODUCT_BUNDLE_IDENTIFIER = com.DeveloperPaul.BookFriend;
				PRODUCT_NAME = "$(TARGET_NAME)";
				SWIFT_VERSION = 5.0;
				TARGETED_DEVICE_FAMILY = "1,2";
			};
			name = Debug;
		};
		24C2822F275C88E00091A63A /* Release */ = {
			isa = XCBuildConfiguration;
			baseConfigurationReference = 5C024AC8B7AB6988E8CDCF06 /* Pods-BookFriend.release.xcconfig */;
			buildSettings = {
				ASSETCATALOG_COMPILER_APPICON_NAME = AppIcon;
				ASSETCATALOG_COMPILER_GLOBAL_ACCENT_COLOR_NAME = AccentColor;
				CODE_SIGN_STYLE = Automatic;
				DEVELOPMENT_TEAM = MBAJ2NCPU9;
				INFOPLIST_FILE = BookFriend/Info.plist;
				LD_RUNPATH_SEARCH_PATHS = (
					"$(inherited)",
					"@executable_path/Frameworks",
				);
				PRODUCT_BUNDLE_IDENTIFIER = com.DeveloperPaul.BookFriend;
				PRODUCT_NAME = "$(TARGET_NAME)";
				SWIFT_VERSION = 5.0;
				TARGETED_DEVICE_FAMILY = "1,2";
			};
			name = Release;
		};
		24C28231275C88E00091A63A /* Debug */ = {
			isa = XCBuildConfiguration;
			baseConfigurationReference = FB7394D84C397AE33C6067C7 /* Pods-BookFriendTests.debug.xcconfig */;
			buildSettings = {
				ALWAYS_EMBED_SWIFT_STANDARD_LIBRARIES = YES;
				BUNDLE_LOADER = "$(TEST_HOST)";
				CLANG_ENABLE_MODULES = YES;
				CODE_SIGN_STYLE = Automatic;
				DEVELOPMENT_TEAM = MBAJ2NCPU9;
				INFOPLIST_FILE = BookFriendTests/Info.plist;
				IPHONEOS_DEPLOYMENT_TARGET = 14.4;
				LD_RUNPATH_SEARCH_PATHS = (
					"$(inherited)",
					"@executable_path/Frameworks",
					"@loader_path/Frameworks",
				);
				PRODUCT_BUNDLE_IDENTIFIER = com.DeveloperPaul.BookFriendTests;
				PRODUCT_NAME = "$(TARGET_NAME)";
				SWIFT_OPTIMIZATION_LEVEL = "-Onone";
				SWIFT_VERSION = 5.0;
				TARGETED_DEVICE_FAMILY = "1,2";
				TEST_HOST = "$(BUILT_PRODUCTS_DIR)/BookFriend.app/BookFriend";
			};
			name = Debug;
		};
		24C28232275C88E00091A63A /* Release */ = {
			isa = XCBuildConfiguration;
			baseConfigurationReference = 55AE8BC86C0107264592C772 /* Pods-BookFriendTests.release.xcconfig */;
			buildSettings = {
				ALWAYS_EMBED_SWIFT_STANDARD_LIBRARIES = YES;
				BUNDLE_LOADER = "$(TEST_HOST)";
				CLANG_ENABLE_MODULES = YES;
				CODE_SIGN_STYLE = Automatic;
				DEVELOPMENT_TEAM = MBAJ2NCPU9;
				INFOPLIST_FILE = BookFriendTests/Info.plist;
				IPHONEOS_DEPLOYMENT_TARGET = 14.4;
				LD_RUNPATH_SEARCH_PATHS = (
					"$(inherited)",
					"@executable_path/Frameworks",
					"@loader_path/Frameworks",
				);
				PRODUCT_BUNDLE_IDENTIFIER = com.DeveloperPaul.BookFriendTests;
				PRODUCT_NAME = "$(TARGET_NAME)";
				SWIFT_VERSION = 5.0;
				TARGETED_DEVICE_FAMILY = "1,2";
				TEST_HOST = "$(BUILT_PRODUCTS_DIR)/BookFriend.app/BookFriend";
			};
			name = Release;
		};
/* End XCBuildConfiguration section */

/* Begin XCConfigurationList section */
		24C281FE275C88D50091A63A /* Build configuration list for PBXProject "BookFriend" */ = {
			isa = XCConfigurationList;
			buildConfigurations = (
				24C2822B275C88E00091A63A /* Debug */,
				24C2822C275C88E00091A63A /* Release */,
			);
			defaultConfigurationIsVisible = 0;
			defaultConfigurationName = Release;
		};
		24C2822D275C88E00091A63A /* Build configuration list for PBXNativeTarget "BookFriend" */ = {
			isa = XCConfigurationList;
			buildConfigurations = (
				24C2822E275C88E00091A63A /* Debug */,
				24C2822F275C88E00091A63A /* Release */,
			);
			defaultConfigurationIsVisible = 0;
			defaultConfigurationName = Release;
		};
		24C28230275C88E00091A63A /* Build configuration list for PBXNativeTarget "BookFriendTests" */ = {
			isa = XCConfigurationList;
			buildConfigurations = (
				24C28231275C88E00091A63A /* Debug */,
				24C28232275C88E00091A63A /* Release */,
			);
			defaultConfigurationIsVisible = 0;
			defaultConfigurationName = Release;
		};
/* End XCConfigurationList section */
	};
	rootObject = 24C281FB275C88D50091A63A /* Project object */;
}
