// !$*UTF8*$!
{
	archiveVersion = 1;
	classes = {
	};
	objectVersion = 55;
	objects = {

/* Begin PBXBuildFile section */
		038A45BB2753CC5300145D61 /* AppDelegate.swift in Sources */ = {isa = PBXBuildFile; fileRef = 038A45BA2753CC5300145D61 /* AppDelegate.swift */; };
		038A45BD2753CC5300145D61 /* SceneDelegate.swift in Sources */ = {isa = PBXBuildFile; fileRef = 038A45BC2753CC5300145D61 /* SceneDelegate.swift */; };
		038A45C22753CC5300145D61 /* Main.storyboard in Resources */ = {isa = PBXBuildFile; fileRef = 038A45C02753CC5300145D61 /* Main.storyboard */; };
		038A45C42753CC5500145D61 /* Assets.xcassets in Resources */ = {isa = PBXBuildFile; fileRef = 038A45C32753CC5500145D61 /* Assets.xcassets */; };
		038A45C72753CC5500145D61 /* LaunchScreen.storyboard in Resources */ = {isa = PBXBuildFile; fileRef = 038A45C52753CC5500145D61 /* LaunchScreen.storyboard */; };
		038A45D22753CC5500145D61 /* RestfulAPITests.swift in Sources */ = {isa = PBXBuildFile; fileRef = 038A45D12753CC5500145D61 /* RestfulAPITests.swift */; };
		038A45DC2753CC5500145D61 /* RestfulAPIUITests.swift in Sources */ = {isa = PBXBuildFile; fileRef = 038A45DB2753CC5500145D61 /* RestfulAPIUITests.swift */; };
		038A45DE2753CC5500145D61 /* RestfulAPIUITestsLaunchTests.swift in Sources */ = {isa = PBXBuildFile; fileRef = 038A45DD2753CC5500145D61 /* RestfulAPIUITestsLaunchTests.swift */; };
		038A45EB2755187100145D61 /* SearchTableViewController.swift in Sources */ = {isa = PBXBuildFile; fileRef = 038A45EA2755187100145D61 /* SearchTableViewController.swift */; };
		038A45ED275518A200145D61 /* NetworkManager.swift in Sources */ = {isa = PBXBuildFile; fileRef = 038A45EC275518A200145D61 /* NetworkManager.swift */; };
		32DE82028452C66FD3001B0A /* Pods_RestfulAPI_RestfulAPIUITests.framework in Frameworks */ = {isa = PBXBuildFile; fileRef = 4A0947A172CD12B4E2DED5D1 /* Pods_RestfulAPI_RestfulAPIUITests.framework */; };
		91745B53AF5E1A6A9991B9B5 /* Pods_RestfulAPITests.framework in Frameworks */ = {isa = PBXBuildFile; fileRef = 5662127D42CE42A1B2E38B4B /* Pods_RestfulAPITests.framework */; };
		EC8EADBBA60FD4AF4F0121F6 /* Pods_RestfulAPI.framework in Frameworks */ = {isa = PBXBuildFile; fileRef = 3B25A55FB50FFD17A5CABFA0 /* Pods_RestfulAPI.framework */; };
/* End PBXBuildFile section */

/* Begin PBXContainerItemProxy section */
		038A45CE2753CC5500145D61 /* PBXContainerItemProxy */ = {
			isa = PBXContainerItemProxy;
			containerPortal = 038A45AF2753CC5300145D61 /* Project object */;
			proxyType = 1;
			remoteGlobalIDString = 038A45B62753CC5300145D61;
			remoteInfo = RestfulAPI;
		};
		038A45D82753CC5500145D61 /* PBXContainerItemProxy */ = {
			isa = PBXContainerItemProxy;
			containerPortal = 038A45AF2753CC5300145D61 /* Project object */;
			proxyType = 1;
			remoteGlobalIDString = 038A45B62753CC5300145D61;
			remoteInfo = RestfulAPI;
		};
/* End PBXContainerItemProxy section */

/* Begin PBXFileReference section */
		038A45B72753CC5300145D61 /* RestfulAPI.app */ = {isa = PBXFileReference; explicitFileType = wrapper.application; includeInIndex = 0; path = RestfulAPI.app; sourceTree = BUILT_PRODUCTS_DIR; };
		038A45BA2753CC5300145D61 /* AppDelegate.swift */ = {isa = PBXFileReference; lastKnownFileType = sourcecode.swift; path = AppDelegate.swift; sourceTree = "<group>"; };
		038A45BC2753CC5300145D61 /* SceneDelegate.swift */ = {isa = PBXFileReference; lastKnownFileType = sourcecode.swift; path = SceneDelegate.swift; sourceTree = "<group>"; };
		038A45C12753CC5300145D61 /* Base */ = {isa = PBXFileReference; lastKnownFileType = file.storyboard; name = Base; path = Base.lproj/Main.storyboard; sourceTree = "<group>"; };
		038A45C32753CC5500145D61 /* Assets.xcassets */ = {isa = PBXFileReference; lastKnownFileType = folder.assetcatalog; path = Assets.xcassets; sourceTree = "<group>"; };
		038A45C62753CC5500145D61 /* Base */ = {isa = PBXFileReference; lastKnownFileType = file.storyboard; name = Base; path = Base.lproj/LaunchScreen.storyboard; sourceTree = "<group>"; };
		038A45C82753CC5500145D61 /* Info.plist */ = {isa = PBXFileReference; lastKnownFileType = text.plist.xml; path = Info.plist; sourceTree = "<group>"; };
		038A45CD2753CC5500145D61 /* RestfulAPITests.xctest */ = {isa = PBXFileReference; explicitFileType = wrapper.cfbundle; includeInIndex = 0; path = RestfulAPITests.xctest; sourceTree = BUILT_PRODUCTS_DIR; };
		038A45D12753CC5500145D61 /* RestfulAPITests.swift */ = {isa = PBXFileReference; lastKnownFileType = sourcecode.swift; path = RestfulAPITests.swift; sourceTree = "<group>"; };
		038A45D72753CC5500145D61 /* RestfulAPIUITests.xctest */ = {isa = PBXFileReference; explicitFileType = wrapper.cfbundle; includeInIndex = 0; path = RestfulAPIUITests.xctest; sourceTree = BUILT_PRODUCTS_DIR; };
		038A45DB2753CC5500145D61 /* RestfulAPIUITests.swift */ = {isa = PBXFileReference; lastKnownFileType = sourcecode.swift; path = RestfulAPIUITests.swift; sourceTree = "<group>"; };
		038A45DD2753CC5500145D61 /* RestfulAPIUITestsLaunchTests.swift */ = {isa = PBXFileReference; lastKnownFileType = sourcecode.swift; path = RestfulAPIUITestsLaunchTests.swift; sourceTree = "<group>"; };
		038A45EA2755187100145D61 /* SearchTableViewController.swift */ = {isa = PBXFileReference; lastKnownFileType = sourcecode.swift; path = SearchTableViewController.swift; sourceTree = "<group>"; };
		038A45EC275518A200145D61 /* NetworkManager.swift */ = {isa = PBXFileReference; lastKnownFileType = sourcecode.swift; path = NetworkManager.swift; sourceTree = "<group>"; };
		11D9FE54D0DAC83E142AEF84 /* Pods-RestfulAPI.debug.xcconfig */ = {isa = PBXFileReference; includeInIndex = 1; lastKnownFileType = text.xcconfig; name = "Pods-RestfulAPI.debug.xcconfig"; path = "Target Support Files/Pods-RestfulAPI/Pods-RestfulAPI.debug.xcconfig"; sourceTree = "<group>"; };
		3B25A55FB50FFD17A5CABFA0 /* Pods_RestfulAPI.framework */ = {isa = PBXFileReference; explicitFileType = wrapper.framework; includeInIndex = 0; path = Pods_RestfulAPI.framework; sourceTree = BUILT_PRODUCTS_DIR; };
		3FB02D45B3127A12834D0F81 /* Pods-RestfulAPI.release.xcconfig */ = {isa = PBXFileReference; includeInIndex = 1; lastKnownFileType = text.xcconfig; name = "Pods-RestfulAPI.release.xcconfig"; path = "Target Support Files/Pods-RestfulAPI/Pods-RestfulAPI.release.xcconfig"; sourceTree = "<group>"; };
		4A0947A172CD12B4E2DED5D1 /* Pods_RestfulAPI_RestfulAPIUITests.framework */ = {isa = PBXFileReference; explicitFileType = wrapper.framework; includeInIndex = 0; path = Pods_RestfulAPI_RestfulAPIUITests.framework; sourceTree = BUILT_PRODUCTS_DIR; };
		4ADFD4D3BD0DF36043620192 /* Pods-RestfulAPITests.debug.xcconfig */ = {isa = PBXFileReference; includeInIndex = 1; lastKnownFileType = text.xcconfig; name = "Pods-RestfulAPITests.debug.xcconfig"; path = "Target Support Files/Pods-RestfulAPITests/Pods-RestfulAPITests.debug.xcconfig"; sourceTree = "<group>"; };
		5662127D42CE42A1B2E38B4B /* Pods_RestfulAPITests.framework */ = {isa = PBXFileReference; explicitFileType = wrapper.framework; includeInIndex = 0; path = Pods_RestfulAPITests.framework; sourceTree = BUILT_PRODUCTS_DIR; };
		93D1357141AC5A4495A7624A /* Pods-RestfulAPI-RestfulAPIUITests.release.xcconfig */ = {isa = PBXFileReference; includeInIndex = 1; lastKnownFileType = text.xcconfig; name = "Pods-RestfulAPI-RestfulAPIUITests.release.xcconfig"; path = "Target Support Files/Pods-RestfulAPI-RestfulAPIUITests/Pods-RestfulAPI-RestfulAPIUITests.release.xcconfig"; sourceTree = "<group>"; };
		94AA20DE32E7E169FA566E2B /* Pods-RestfulAPI-RestfulAPIUITests.debug.xcconfig */ = {isa = PBXFileReference; includeInIndex = 1; lastKnownFileType = text.xcconfig; name = "Pods-RestfulAPI-RestfulAPIUITests.debug.xcconfig"; path = "Target Support Files/Pods-RestfulAPI-RestfulAPIUITests/Pods-RestfulAPI-RestfulAPIUITests.debug.xcconfig"; sourceTree = "<group>"; };
		E4705DCD62B94F1F6A733C5C /* Pods-RestfulAPITests.release.xcconfig */ = {isa = PBXFileReference; includeInIndex = 1; lastKnownFileType = text.xcconfig; name = "Pods-RestfulAPITests.release.xcconfig"; path = "Target Support Files/Pods-RestfulAPITests/Pods-RestfulAPITests.release.xcconfig"; sourceTree = "<group>"; };
/* End PBXFileReference section */

/* Begin PBXFrameworksBuildPhase section */
		038A45B42753CC5300145D61 /* Frameworks */ = {
			isa = PBXFrameworksBuildPhase;
			buildActionMask = 2147483647;
			files = (
				EC8EADBBA60FD4AF4F0121F6 /* Pods_RestfulAPI.framework in Frameworks */,
			);
			runOnlyForDeploymentPostprocessing = 0;
		};
		038A45CA2753CC5500145D61 /* Frameworks */ = {
			isa = PBXFrameworksBuildPhase;
			buildActionMask = 2147483647;
			files = (
				91745B53AF5E1A6A9991B9B5 /* Pods_RestfulAPITests.framework in Frameworks */,
			);
			runOnlyForDeploymentPostprocessing = 0;
		};
		038A45D42753CC5500145D61 /* Frameworks */ = {
			isa = PBXFrameworksBuildPhase;
			buildActionMask = 2147483647;
			files = (
				32DE82028452C66FD3001B0A /* Pods_RestfulAPI_RestfulAPIUITests.framework in Frameworks */,
			);
			runOnlyForDeploymentPostprocessing = 0;
		};
/* End PBXFrameworksBuildPhase section */

/* Begin PBXGroup section */
		038A45AE2753CC5300145D61 = {
			isa = PBXGroup;
			children = (
				038A45B92753CC5300145D61 /* RestfulAPI */,
				038A45D02753CC5500145D61 /* RestfulAPITests */,
				038A45DA2753CC5500145D61 /* RestfulAPIUITests */,
				038A45B82753CC5300145D61 /* Products */,
				2995CE429D9D8E3F4CAECDDF /* Pods */,
				110FE3D40B746CFAB527A88B /* Frameworks */,
			);
			sourceTree = "<group>";
		};
		038A45B82753CC5300145D61 /* Products */ = {
			isa = PBXGroup;
			children = (
				038A45B72753CC5300145D61 /* RestfulAPI.app */,
				038A45CD2753CC5500145D61 /* RestfulAPITests.xctest */,
				038A45D72753CC5500145D61 /* RestfulAPIUITests.xctest */,
			);
			name = Products;
			sourceTree = "<group>";
		};
		038A45B92753CC5300145D61 /* RestfulAPI */ = {
			isa = PBXGroup;
			children = (
				038A45BA2753CC5300145D61 /* AppDelegate.swift */,
				038A45BC2753CC5300145D61 /* SceneDelegate.swift */,
				038A45EC275518A200145D61 /* NetworkManager.swift */,
				038A45EA2755187100145D61 /* SearchTableViewController.swift */,
				038A45C02753CC5300145D61 /* Main.storyboard */,
				038A45C32753CC5500145D61 /* Assets.xcassets */,
				038A45C52753CC5500145D61 /* LaunchScreen.storyboard */,
				038A45C82753CC5500145D61 /* Info.plist */,
			);
			path = RestfulAPI;
			sourceTree = "<group>";
		};
		038A45D02753CC5500145D61 /* RestfulAPITests */ = {
			isa = PBXGroup;
			children = (
				038A45D12753CC5500145D61 /* RestfulAPITests.swift */,
			);
			path = RestfulAPITests;
			sourceTree = "<group>";
		};
		038A45DA2753CC5500145D61 /* RestfulAPIUITests */ = {
			isa = PBXGroup;
			children = (
				038A45DB2753CC5500145D61 /* RestfulAPIUITests.swift */,
				038A45DD2753CC5500145D61 /* RestfulAPIUITestsLaunchTests.swift */,
			);
			path = RestfulAPIUITests;
			sourceTree = "<group>";
		};
		110FE3D40B746CFAB527A88B /* Frameworks */ = {
			isa = PBXGroup;
			children = (
				3B25A55FB50FFD17A5CABFA0 /* Pods_RestfulAPI.framework */,
				4A0947A172CD12B4E2DED5D1 /* Pods_RestfulAPI_RestfulAPIUITests.framework */,
				5662127D42CE42A1B2E38B4B /* Pods_RestfulAPITests.framework */,
			);
			name = Frameworks;
			sourceTree = "<group>";
		};
		2995CE429D9D8E3F4CAECDDF /* Pods */ = {
			isa = PBXGroup;
			children = (
				11D9FE54D0DAC83E142AEF84 /* Pods-RestfulAPI.debug.xcconfig */,
				3FB02D45B3127A12834D0F81 /* Pods-RestfulAPI.release.xcconfig */,
				94AA20DE32E7E169FA566E2B /* Pods-RestfulAPI-RestfulAPIUITests.debug.xcconfig */,
				93D1357141AC5A4495A7624A /* Pods-RestfulAPI-RestfulAPIUITests.release.xcconfig */,
				4ADFD4D3BD0DF36043620192 /* Pods-RestfulAPITests.debug.xcconfig */,
				E4705DCD62B94F1F6A733C5C /* Pods-RestfulAPITests.release.xcconfig */,
			);
			path = Pods;
			sourceTree = "<group>";
		};
/* End PBXGroup section */

/* Begin PBXNativeTarget section */
		038A45B62753CC5300145D61 /* RestfulAPI */ = {
			isa = PBXNativeTarget;
			buildConfigurationList = 038A45E12753CC5500145D61 /* Build configuration list for PBXNativeTarget "RestfulAPI" */;
			buildPhases = (
				12834BDFB8CCEDF23C3DF0C1 /* [CP] Check Pods Manifest.lock */,
				038A45B32753CC5300145D61 /* Sources */,
				038A45B42753CC5300145D61 /* Frameworks */,
				038A45B52753CC5300145D61 /* Resources */,
				A39B379EFD8419C393E91AC4 /* [CP] Embed Pods Frameworks */,
			);
			buildRules = (
			);
			dependencies = (
			);
			name = RestfulAPI;
			productName = RestfulAPI;
			productReference = 038A45B72753CC5300145D61 /* RestfulAPI.app */;
			productType = "com.apple.product-type.application";
		};
		038A45CC2753CC5500145D61 /* RestfulAPITests */ = {
			isa = PBXNativeTarget;
			buildConfigurationList = 038A45E42753CC5500145D61 /* Build configuration list for PBXNativeTarget "RestfulAPITests" */;
			buildPhases = (
				F9210C62DBA0185B8EC3E86B /* [CP] Check Pods Manifest.lock */,
				038A45C92753CC5500145D61 /* Sources */,
				038A45CA2753CC5500145D61 /* Frameworks */,
				038A45CB2753CC5500145D61 /* Resources */,
				75A27471008A0E3ADD9557D7 /* [CP] Embed Pods Frameworks */,
			);
			buildRules = (
			);
			dependencies = (
				038A45CF2753CC5500145D61 /* PBXTargetDependency */,
			);
			name = RestfulAPITests;
			productName = RestfulAPITests;
			productReference = 038A45CD2753CC5500145D61 /* RestfulAPITests.xctest */;
			productType = "com.apple.product-type.bundle.unit-test";
		};
		038A45D62753CC5500145D61 /* RestfulAPIUITests */ = {
			isa = PBXNativeTarget;
			buildConfigurationList = 038A45E72753CC5500145D61 /* Build configuration list for PBXNativeTarget "RestfulAPIUITests" */;
			buildPhases = (
				614A52B1CAB624E8720F7AAD /* [CP] Check Pods Manifest.lock */,
				038A45D32753CC5500145D61 /* Sources */,
				038A45D42753CC5500145D61 /* Frameworks */,
				038A45D52753CC5500145D61 /* Resources */,
				9D23D0328269E172FBEB0E4A /* [CP] Embed Pods Frameworks */,
			);
			buildRules = (
			);
			dependencies = (
				038A45D92753CC5500145D61 /* PBXTargetDependency */,
			);
			name = RestfulAPIUITests;
			productName = RestfulAPIUITests;
			productReference = 038A45D72753CC5500145D61 /* RestfulAPIUITests.xctest */;
			productType = "com.apple.product-type.bundle.ui-testing";
		};
/* End PBXNativeTarget section */

/* Begin PBXProject section */
		038A45AF2753CC5300145D61 /* Project object */ = {
			isa = PBXProject;
			attributes = {
				BuildIndependentTargetsInParallel = 1;
				LastSwiftUpdateCheck = 1310;
				LastUpgradeCheck = 1310;
				TargetAttributes = {
					038A45B62753CC5300145D61 = {
						CreatedOnToolsVersion = 13.1;
					};
					038A45CC2753CC5500145D61 = {
						CreatedOnToolsVersion = 13.1;
						TestTargetID = 038A45B62753CC5300145D61;
					};
					038A45D62753CC5500145D61 = {
						CreatedOnToolsVersion = 13.1;
						TestTargetID = 038A45B62753CC5300145D61;
					};
				};
			};
			buildConfigurationList = 038A45B22753CC5300145D61 /* Build configuration list for PBXProject "RestfulAPI" */;
			compatibilityVersion = "Xcode 13.0";
			developmentRegion = en;
			hasScannedForEncodings = 0;
			knownRegions = (
				en,
				Base,
			);
			mainGroup = 038A45AE2753CC5300145D61;
			productRefGroup = 038A45B82753CC5300145D61 /* Products */;
			projectDirPath = "";
			projectRoot = "";
			targets = (
				038A45B62753CC5300145D61 /* RestfulAPI */,
				038A45CC2753CC5500145D61 /* RestfulAPITests */,
				038A45D62753CC5500145D61 /* RestfulAPIUITests */,
			);
		};
/* End PBXProject section */

/* Begin PBXResourcesBuildPhase section */
		038A45B52753CC5300145D61 /* Resources */ = {
			isa = PBXResourcesBuildPhase;
			buildActionMask = 2147483647;
			files = (
				038A45C72753CC5500145D61 /* LaunchScreen.storyboard in Resources */,
				038A45C42753CC5500145D61 /* Assets.xcassets in Resources */,
				038A45C22753CC5300145D61 /* Main.storyboard in Resources */,
			);
			runOnlyForDeploymentPostprocessing = 0;
		};
		038A45CB2753CC5500145D61 /* Resources */ = {
			isa = PBXResourcesBuildPhase;
			buildActionMask = 2147483647;
			files = (
			);
			runOnlyForDeploymentPostprocessing = 0;
		};
		038A45D52753CC5500145D61 /* Resources */ = {
			isa = PBXResourcesBuildPhase;
			buildActionMask = 2147483647;
			files = (
			);
			runOnlyForDeploymentPostprocessing = 0;
		};
/* End PBXResourcesBuildPhase section */

/* Begin PBXShellScriptBuildPhase section */
		12834BDFB8CCEDF23C3DF0C1 /* [CP] Check Pods Manifest.lock */ = {
			isa = PBXShellScriptBuildPhase;
			buildActionMask = 2147483647;
			files = (
			);
			inputFileListPaths = (
			);
			inputPaths = (
				"${PODS_PODFILE_DIR_PATH}/Podfile.lock",
				"${PODS_ROOT}/Manifest.lock",
			);
			name = "[CP] Check Pods Manifest.lock";
			outputFileListPaths = (
			);
			outputPaths = (
				"$(DERIVED_FILE_DIR)/Pods-RestfulAPI-checkManifestLockResult.txt",
			);
			runOnlyForDeploymentPostprocessing = 0;
			shellPath = /bin/sh;
			shellScript = "diff \"${PODS_PODFILE_DIR_PATH}/Podfile.lock\" \"${PODS_ROOT}/Manifest.lock\" > /dev/null\nif [ $? != 0 ] ; then\n    # print error to STDERR\n    echo \"error: The sandbox is not in sync with the Podfile.lock. Run 'pod install' or update your CocoaPods installation.\" >&2\n    exit 1\nfi\n# This output is used by Xcode 'outputs' to avoid re-running this script phase.\necho \"SUCCESS\" > \"${SCRIPT_OUTPUT_FILE_0}\"\n";
			showEnvVarsInLog = 0;
		};
		614A52B1CAB624E8720F7AAD /* [CP] Check Pods Manifest.lock */ = {
			isa = PBXShellScriptBuildPhase;
			buildActionMask = 2147483647;
			files = (
			);
			inputFileListPaths = (
			);
			inputPaths = (
				"${PODS_PODFILE_DIR_PATH}/Podfile.lock",
				"${PODS_ROOT}/Manifest.lock",
			);
			name = "[CP] Check Pods Manifest.lock";
			outputFileListPaths = (
			);
			outputPaths = (
				"$(DERIVED_FILE_DIR)/Pods-RestfulAPI-RestfulAPIUITests-checkManifestLockResult.txt",
			);
			runOnlyForDeploymentPostprocessing = 0;
			shellPath = /bin/sh;
			shellScript = "diff \"${PODS_PODFILE_DIR_PATH}/Podfile.lock\" \"${PODS_ROOT}/Manifest.lock\" > /dev/null\nif [ $? != 0 ] ; then\n    # print error to STDERR\n    echo \"error: The sandbox is not in sync with the Podfile.lock. Run 'pod install' or update your CocoaPods installation.\" >&2\n    exit 1\nfi\n# This output is used by Xcode 'outputs' to avoid re-running this script phase.\necho \"SUCCESS\" > \"${SCRIPT_OUTPUT_FILE_0}\"\n";
			showEnvVarsInLog = 0;
		};
		75A27471008A0E3ADD9557D7 /* [CP] Embed Pods Frameworks */ = {
			isa = PBXShellScriptBuildPhase;
			buildActionMask = 2147483647;
			files = (
			);
			inputFileListPaths = (
				"${PODS_ROOT}/Target Support Files/Pods-RestfulAPITests/Pods-RestfulAPITests-frameworks-${CONFIGURATION}-input-files.xcfilelist",
			);
			name = "[CP] Embed Pods Frameworks";
			outputFileListPaths = (
				"${PODS_ROOT}/Target Support Files/Pods-RestfulAPITests/Pods-RestfulAPITests-frameworks-${CONFIGURATION}-output-files.xcfilelist",
			);
			runOnlyForDeploymentPostprocessing = 0;
			shellPath = /bin/sh;
			shellScript = "\"${PODS_ROOT}/Target Support Files/Pods-RestfulAPITests/Pods-RestfulAPITests-frameworks.sh\"\n";
			showEnvVarsInLog = 0;
		};
		9D23D0328269E172FBEB0E4A /* [CP] Embed Pods Frameworks */ = {
			isa = PBXShellScriptBuildPhase;
			buildActionMask = 2147483647;
			files = (
			);
			inputFileListPaths = (
				"${PODS_ROOT}/Target Support Files/Pods-RestfulAPI-RestfulAPIUITests/Pods-RestfulAPI-RestfulAPIUITests-frameworks-${CONFIGURATION}-input-files.xcfilelist",
			);
			name = "[CP] Embed Pods Frameworks";
			outputFileListPaths = (
				"${PODS_ROOT}/Target Support Files/Pods-RestfulAPI-RestfulAPIUITests/Pods-RestfulAPI-RestfulAPIUITests-frameworks-${CONFIGURATION}-output-files.xcfilelist",
			);
			runOnlyForDeploymentPostprocessing = 0;
			shellPath = /bin/sh;
			shellScript = "\"${PODS_ROOT}/Target Support Files/Pods-RestfulAPI-RestfulAPIUITests/Pods-RestfulAPI-RestfulAPIUITests-frameworks.sh\"\n";
			showEnvVarsInLog = 0;
		};
		A39B379EFD8419C393E91AC4 /* [CP] Embed Pods Frameworks */ = {
			isa = PBXShellScriptBuildPhase;
			buildActionMask = 2147483647;
			files = (
			);
			inputFileListPaths = (
				"${PODS_ROOT}/Target Support Files/Pods-RestfulAPI/Pods-RestfulAPI-frameworks-${CONFIGURATION}-input-files.xcfilelist",
			);
			name = "[CP] Embed Pods Frameworks";
			outputFileListPaths = (
				"${PODS_ROOT}/Target Support Files/Pods-RestfulAPI/Pods-RestfulAPI-frameworks-${CONFIGURATION}-output-files.xcfilelist",
			);
			runOnlyForDeploymentPostprocessing = 0;
			shellPath = /bin/sh;
			shellScript = "\"${PODS_ROOT}/Target Support Files/Pods-RestfulAPI/Pods-RestfulAPI-frameworks.sh\"\n";
			showEnvVarsInLog = 0;
		};
		F9210C62DBA0185B8EC3E86B /* [CP] Check Pods Manifest.lock */ = {
			isa = PBXShellScriptBuildPhase;
			buildActionMask = 2147483647;
			files = (
			);
			inputFileListPaths = (
			);
			inputPaths = (
				"${PODS_PODFILE_DIR_PATH}/Podfile.lock",
				"${PODS_ROOT}/Manifest.lock",
			);
			name = "[CP] Check Pods Manifest.lock";
			outputFileListPaths = (
			);
			outputPaths = (
				"$(DERIVED_FILE_DIR)/Pods-RestfulAPITests-checkManifestLockResult.txt",
			);
			runOnlyForDeploymentPostprocessing = 0;
			shellPath = /bin/sh;
			shellScript = "diff \"${PODS_PODFILE_DIR_PATH}/Podfile.lock\" \"${PODS_ROOT}/Manifest.lock\" > /dev/null\nif [ $? != 0 ] ; then\n    # print error to STDERR\n    echo \"error: The sandbox is not in sync with the Podfile.lock. Run 'pod install' or update your CocoaPods installation.\" >&2\n    exit 1\nfi\n# This output is used by Xcode 'outputs' to avoid re-running this script phase.\necho \"SUCCESS\" > \"${SCRIPT_OUTPUT_FILE_0}\"\n";
			showEnvVarsInLog = 0;
		};
/* End PBXShellScriptBuildPhase section */

/* Begin PBXSourcesBuildPhase section */
		038A45B32753CC5300145D61 /* Sources */ = {
			isa = PBXSourcesBuildPhase;
			buildActionMask = 2147483647;
			files = (
				038A45ED275518A200145D61 /* NetworkManager.swift in Sources */,
				038A45BB2753CC5300145D61 /* AppDelegate.swift in Sources */,
				038A45EB2755187100145D61 /* SearchTableViewController.swift in Sources */,
				038A45BD2753CC5300145D61 /* SceneDelegate.swift in Sources */,
			);
			runOnlyForDeploymentPostprocessing = 0;
		};
		038A45C92753CC5500145D61 /* Sources */ = {
			isa = PBXSourcesBuildPhase;
			buildActionMask = 2147483647;
			files = (
				038A45D22753CC5500145D61 /* RestfulAPITests.swift in Sources */,
			);
			runOnlyForDeploymentPostprocessing = 0;
		};
		038A45D32753CC5500145D61 /* Sources */ = {
			isa = PBXSourcesBuildPhase;
			buildActionMask = 2147483647;
			files = (
				038A45DC2753CC5500145D61 /* RestfulAPIUITests.swift in Sources */,
				038A45DE2753CC5500145D61 /* RestfulAPIUITestsLaunchTests.swift in Sources */,
			);
			runOnlyForDeploymentPostprocessing = 0;
		};
/* End PBXSourcesBuildPhase section */

/* Begin PBXTargetDependency section */
		038A45CF2753CC5500145D61 /* PBXTargetDependency */ = {
			isa = PBXTargetDependency;
			target = 038A45B62753CC5300145D61 /* RestfulAPI */;
			targetProxy = 038A45CE2753CC5500145D61 /* PBXContainerItemProxy */;
		};
		038A45D92753CC5500145D61 /* PBXTargetDependency */ = {
			isa = PBXTargetDependency;
			target = 038A45B62753CC5300145D61 /* RestfulAPI */;
			targetProxy = 038A45D82753CC5500145D61 /* PBXContainerItemProxy */;
		};
/* End PBXTargetDependency section */

/* Begin PBXVariantGroup section */
		038A45C02753CC5300145D61 /* Main.storyboard */ = {
			isa = PBXVariantGroup;
			children = (
				038A45C12753CC5300145D61 /* Base */,
			);
			name = Main.storyboard;
			sourceTree = "<group>";
		};
		038A45C52753CC5500145D61 /* LaunchScreen.storyboard */ = {
			isa = PBXVariantGroup;
			children = (
				038A45C62753CC5500145D61 /* Base */,
			);
			name = LaunchScreen.storyboard;
			sourceTree = "<group>";
		};
/* End PBXVariantGroup section */

/* Begin XCBuildConfiguration section */
		038A45DF2753CC5500145D61 /* Debug */ = {
			isa = XCBuildConfiguration;
			buildSettings = {
				ALWAYS_SEARCH_USER_PATHS = NO;
				CLANG_ANALYZER_NONNULL = YES;
				CLANG_ANALYZER_NUMBER_OBJECT_CONVERSION = YES_AGGRESSIVE;
				CLANG_CXX_LANGUAGE_STANDARD = "gnu++17";
				CLANG_CXX_LIBRARY = "libc++";
				CLANG_ENABLE_MODULES = YES;
				CLANG_ENABLE_OBJC_ARC = YES;
				CLANG_ENABLE_OBJC_WEAK = YES;
				CLANG_WARN_BLOCK_CAPTURE_AUTORELEASING = YES;
				CLANG_WARN_BOOL_CONVERSION = YES;
				CLANG_WARN_COMMA = YES;
				CLANG_WARN_CONSTANT_CONVERSION = YES;
				CLANG_WARN_DEPRECATED_OBJC_IMPLEMENTATIONS = YES;
				CLANG_WARN_DIRECT_OBJC_ISA_USAGE = YES_ERROR;
				CLANG_WARN_DOCUMENTATION_COMMENTS = YES;
				CLANG_WARN_EMPTY_BODY = YES;
				CLANG_WARN_ENUM_CONVERSION = YES;
				CLANG_WARN_INFINITE_RECURSION = YES;
				CLANG_WARN_INT_CONVERSION = YES;
				CLANG_WARN_NON_LITERAL_NULL_CONVERSION = YES;
				CLANG_WARN_OBJC_IMPLICIT_RETAIN_SELF = YES;
				CLANG_WARN_OBJC_LITERAL_CONVERSION = YES;
				CLANG_WARN_OBJC_ROOT_CLASS = YES_ERROR;
				CLANG_WARN_QUOTED_INCLUDE_IN_FRAMEWORK_HEADER = YES;
				CLANG_WARN_RANGE_LOOP_ANALYSIS = YES;
				CLANG_WARN_STRICT_PROTOTYPES = YES;
				CLANG_WARN_SUSPICIOUS_MOVE = YES;
				CLANG_WARN_UNGUARDED_AVAILABILITY = YES_AGGRESSIVE;
				CLANG_WARN_UNREACHABLE_CODE = YES;
				CLANG_WARN__DUPLICATE_METHOD_MATCH = YES;
				COPY_PHASE_STRIP = NO;
				DEBUG_INFORMATION_FORMAT = dwarf;
				ENABLE_STRICT_OBJC_MSGSEND = YES;
				ENABLE_TESTABILITY = YES;
				GCC_C_LANGUAGE_STANDARD = gnu11;
				GCC_DYNAMIC_NO_PIC = NO;
				GCC_NO_COMMON_BLOCKS = YES;
				GCC_OPTIMIZATION_LEVEL = 0;
				GCC_PREPROCESSOR_DEFINITIONS = (
					"DEBUG=1",
					"$(inherited)",
				);
				GCC_WARN_64_TO_32_BIT_CONVERSION = YES;
				GCC_WARN_ABOUT_RETURN_TYPE = YES_ERROR;
				GCC_WARN_UNDECLARED_SELECTOR = YES;
				GCC_WARN_UNINITIALIZED_AUTOS = YES_AGGRESSIVE;
				GCC_WARN_UNUSED_FUNCTION = YES;
				GCC_WARN_UNUSED_VARIABLE = YES;
				IPHONEOS_DEPLOYMENT_TARGET = 15.0;
				MTL_ENABLE_DEBUG_INFO = INCLUDE_SOURCE;
				MTL_FAST_MATH = YES;
				ONLY_ACTIVE_ARCH = YES;
				SDKROOT = iphoneos;
				SWIFT_ACTIVE_COMPILATION_CONDITIONS = DEBUG;
				SWIFT_OPTIMIZATION_LEVEL = "-Onone";
			};
			name = Debug;
		};
		038A45E02753CC5500145D61 /* Release */ = {
			isa = XCBuildConfiguration;
			buildSettings = {
				ALWAYS_SEARCH_USER_PATHS = NO;
				CLANG_ANALYZER_NONNULL = YES;
				CLANG_ANALYZER_NUMBER_OBJECT_CONVERSION = YES_AGGRESSIVE;
				CLANG_CXX_LANGUAGE_STANDARD = "gnu++17";
				CLANG_CXX_LIBRARY = "libc++";
				CLANG_ENABLE_MODULES = YES;
				CLANG_ENABLE_OBJC_ARC = YES;
				CLANG_ENABLE_OBJC_WEAK = YES;
				CLANG_WARN_BLOCK_CAPTURE_AUTORELEASING = YES;
				CLANG_WARN_BOOL_CONVERSION = YES;
				CLANG_WARN_COMMA = YES;
				CLANG_WARN_CONSTANT_CONVERSION = YES;
				CLANG_WARN_DEPRECATED_OBJC_IMPLEMENTATIONS = YES;
				CLANG_WARN_DIRECT_OBJC_ISA_USAGE = YES_ERROR;
				CLANG_WARN_DOCUMENTATION_COMMENTS = YES;
				CLANG_WARN_EMPTY_BODY = YES;
				CLANG_WARN_ENUM_CONVERSION = YES;
				CLANG_WARN_INFINITE_RECURSION = YES;
				CLANG_WARN_INT_CONVERSION = YES;
				CLANG_WARN_NON_LITERAL_NULL_CONVERSION = YES;
				CLANG_WARN_OBJC_IMPLICIT_RETAIN_SELF = YES;
				CLANG_WARN_OBJC_LITERAL_CONVERSION = YES;
				CLANG_WARN_OBJC_ROOT_CLASS = YES_ERROR;
				CLANG_WARN_QUOTED_INCLUDE_IN_FRAMEWORK_HEADER = YES;
				CLANG_WARN_RANGE_LOOP_ANALYSIS = YES;
				CLANG_WARN_STRICT_PROTOTYPES = YES;
				CLANG_WARN_SUSPICIOUS_MOVE = YES;
				CLANG_WARN_UNGUARDED_AVAILABILITY = YES_AGGRESSIVE;
				CLANG_WARN_UNREACHABLE_CODE = YES;
				CLANG_WARN__DUPLICATE_METHOD_MATCH = YES;
				COPY_PHASE_STRIP = NO;
				DEBUG_INFORMATION_FORMAT = "dwarf-with-dsym";
				ENABLE_NS_ASSERTIONS = NO;
				ENABLE_STRICT_OBJC_MSGSEND = YES;
				GCC_C_LANGUAGE_STANDARD = gnu11;
				GCC_NO_COMMON_BLOCKS = YES;
				GCC_WARN_64_TO_32_BIT_CONVERSION = YES;
				GCC_WARN_ABOUT_RETURN_TYPE = YES_ERROR;
				GCC_WARN_UNDECLARED_SELECTOR = YES;
				GCC_WARN_UNINITIALIZED_AUTOS = YES_AGGRESSIVE;
				GCC_WARN_UNUSED_FUNCTION = YES;
				GCC_WARN_UNUSED_VARIABLE = YES;
				IPHONEOS_DEPLOYMENT_TARGET = 15.0;
				MTL_ENABLE_DEBUG_INFO = NO;
				MTL_FAST_MATH = YES;
				SDKROOT = iphoneos;
				SWIFT_COMPILATION_MODE = wholemodule;
				SWIFT_OPTIMIZATION_LEVEL = "-O";
				VALIDATE_PRODUCT = YES;
			};
			name = Release;
		};
		038A45E22753CC5500145D61 /* Debug */ = {
			isa = XCBuildConfiguration;
			baseConfigurationReference = 11D9FE54D0DAC83E142AEF84 /* Pods-RestfulAPI.debug.xcconfig */;
			buildSettings = {
				ASSETCATALOG_COMPILER_APPICON_NAME = AppIcon;
				ASSETCATALOG_COMPILER_GLOBAL_ACCENT_COLOR_NAME = AccentColor;
				CODE_SIGN_STYLE = Automatic;
				CURRENT_PROJECT_VERSION = 1;
				DEVELOPMENT_TEAM = MBAJ2NCPU9;
				GENERATE_INFOPLIST_FILE = YES;
				INFOPLIST_FILE = RestfulAPI/Info.plist;
				INFOPLIST_KEY_UIApplicationSupportsIndirectInputEvents = YES;
				INFOPLIST_KEY_UILaunchStoryboardName = LaunchScreen;
				INFOPLIST_KEY_UIMainStoryboardFile = Main;
				INFOPLIST_KEY_UISupportedInterfaceOrientations_iPad = "UIInterfaceOrientationPortrait UIInterfaceOrientationPortraitUpsideDown UIInterfaceOrientationLandscapeLeft UIInterfaceOrientationLandscapeRight";
				INFOPLIST_KEY_UISupportedInterfaceOrientations_iPhone = "UIInterfaceOrientationPortrait UIInterfaceOrientationLandscapeLeft UIInterfaceOrientationLandscapeRight";
				LD_RUNPATH_SEARCH_PATHS = (
					"$(inherited)",
					"@executable_path/Frameworks",
				);
				MARKETING_VERSION = 1.0;
				PRODUCT_BUNDLE_IDENTIFIER = com.hyungseok.RestfulAPI;
				PRODUCT_NAME = "$(TARGET_NAME)";
				SWIFT_EMIT_LOC_STRINGS = YES;
				SWIFT_VERSION = 5.0;
				TARGETED_DEVICE_FAMILY = "1,2";
			};
			name = Debug;
		};
		038A45E32753CC5500145D61 /* Release */ = {
			isa = XCBuildConfiguration;
			baseConfigurationReference = 3FB02D45B3127A12834D0F81 /* Pods-RestfulAPI.release.xcconfig */;
			buildSettings = {
				ASSETCATALOG_COMPILER_APPICON_NAME = AppIcon;
				ASSETCATALOG_COMPILER_GLOBAL_ACCENT_COLOR_NAME = AccentColor;
				CODE_SIGN_STYLE = Automatic;
				CURRENT_PROJECT_VERSION = 1;
				DEVELOPMENT_TEAM = MBAJ2NCPU9;
				GENERATE_INFOPLIST_FILE = YES;
				INFOPLIST_FILE = RestfulAPI/Info.plist;
				INFOPLIST_KEY_UIApplicationSupportsIndirectInputEvents = YES;
				INFOPLIST_KEY_UILaunchStoryboardName = LaunchScreen;
				INFOPLIST_KEY_UIMainStoryboardFile = Main;
				INFOPLIST_KEY_UISupportedInterfaceOrientations_iPad = "UIInterfaceOrientationPortrait UIInterfaceOrientationPortraitUpsideDown UIInterfaceOrientationLandscapeLeft UIInterfaceOrientationLandscapeRight";
				INFOPLIST_KEY_UISupportedInterfaceOrientations_iPhone = "UIInterfaceOrientationPortrait UIInterfaceOrientationLandscapeLeft UIInterfaceOrientationLandscapeRight";
				LD_RUNPATH_SEARCH_PATHS = (
					"$(inherited)",
					"@executable_path/Frameworks",
				);
				MARKETING_VERSION = 1.0;
				PRODUCT_BUNDLE_IDENTIFIER = com.hyungseok.RestfulAPI;
				PRODUCT_NAME = "$(TARGET_NAME)";
				SWIFT_EMIT_LOC_STRINGS = YES;
				SWIFT_VERSION = 5.0;
				TARGETED_DEVICE_FAMILY = "1,2";
			};
			name = Release;
		};
		038A45E52753CC5500145D61 /* Debug */ = {
			isa = XCBuildConfiguration;
			baseConfigurationReference = 4ADFD4D3BD0DF36043620192 /* Pods-RestfulAPITests.debug.xcconfig */;
			buildSettings = {
				ALWAYS_EMBED_SWIFT_STANDARD_LIBRARIES = YES;
				BUNDLE_LOADER = "$(TEST_HOST)";
				CODE_SIGN_STYLE = Automatic;
				CURRENT_PROJECT_VERSION = 1;
				DEVELOPMENT_TEAM = MBAJ2NCPU9;
				GENERATE_INFOPLIST_FILE = YES;
				IPHONEOS_DEPLOYMENT_TARGET = 15.0;
				LD_RUNPATH_SEARCH_PATHS = (
					"$(inherited)",
					"@executable_path/Frameworks",
					"@loader_path/Frameworks",
				);
				MARKETING_VERSION = 1.0;
				PRODUCT_BUNDLE_IDENTIFIER = com.hyungseok.RestfulAPITests;
				PRODUCT_NAME = "$(TARGET_NAME)";
				SWIFT_EMIT_LOC_STRINGS = NO;
				SWIFT_VERSION = 5.0;
				TARGETED_DEVICE_FAMILY = "1,2";
				TEST_HOST = "$(BUILT_PRODUCTS_DIR)/RestfulAPI.app/RestfulAPI";
			};
			name = Debug;
		};
		038A45E62753CC5500145D61 /* Release */ = {
			isa = XCBuildConfiguration;
			baseConfigurationReference = E4705DCD62B94F1F6A733C5C /* Pods-RestfulAPITests.release.xcconfig */;
			buildSettings = {
				ALWAYS_EMBED_SWIFT_STANDARD_LIBRARIES = YES;
				BUNDLE_LOADER = "$(TEST_HOST)";
				CODE_SIGN_STYLE = Automatic;
				CURRENT_PROJECT_VERSION = 1;
				DEVELOPMENT_TEAM = MBAJ2NCPU9;
				GENERATE_INFOPLIST_FILE = YES;
				IPHONEOS_DEPLOYMENT_TARGET = 15.0;
				LD_RUNPATH_SEARCH_PATHS = (
					"$(inherited)",
					"@executable_path/Frameworks",
					"@loader_path/Frameworks",
				);
				MARKETING_VERSION = 1.0;
				PRODUCT_BUNDLE_IDENTIFIER = com.hyungseok.RestfulAPITests;
				PRODUCT_NAME = "$(TARGET_NAME)";
				SWIFT_EMIT_LOC_STRINGS = NO;
				SWIFT_VERSION = 5.0;
				TARGETED_DEVICE_FAMILY = "1,2";
				TEST_HOST = "$(BUILT_PRODUCTS_DIR)/RestfulAPI.app/RestfulAPI";
			};
			name = Release;
		};
		038A45E82753CC5500145D61 /* Debug */ = {
			isa = XCBuildConfiguration;
			baseConfigurationReference = 94AA20DE32E7E169FA566E2B /* Pods-RestfulAPI-RestfulAPIUITests.debug.xcconfig */;
			buildSettings = {
				ALWAYS_EMBED_SWIFT_STANDARD_LIBRARIES = YES;
				CODE_SIGN_STYLE = Automatic;
				CURRENT_PROJECT_VERSION = 1;
				DEVELOPMENT_TEAM = MBAJ2NCPU9;
				GENERATE_INFOPLIST_FILE = YES;
				LD_RUNPATH_SEARCH_PATHS = (
					"$(inherited)",
					"@executable_path/Frameworks",
					"@loader_path/Frameworks",
				);
				MARKETING_VERSION = 1.0;
				PRODUCT_BUNDLE_IDENTIFIER = com.hyungseok.RestfulAPIUITests;
				PRODUCT_NAME = "$(TARGET_NAME)";
				SWIFT_EMIT_LOC_STRINGS = NO;
				SWIFT_VERSION = 5.0;
				TARGETED_DEVICE_FAMILY = "1,2";
				TEST_TARGET_NAME = RestfulAPI;
			};
			name = Debug;
		};
		038A45E92753CC5500145D61 /* Release */ = {
			isa = XCBuildConfiguration;
			baseConfigurationReference = 93D1357141AC5A4495A7624A /* Pods-RestfulAPI-RestfulAPIUITests.release.xcconfig */;
			buildSettings = {
				ALWAYS_EMBED_SWIFT_STANDARD_LIBRARIES = YES;
				CODE_SIGN_STYLE = Automatic;
				CURRENT_PROJECT_VERSION = 1;
				DEVELOPMENT_TEAM = MBAJ2NCPU9;
				GENERATE_INFOPLIST_FILE = YES;
				LD_RUNPATH_SEARCH_PATHS = (
					"$(inherited)",
					"@executable_path/Frameworks",
					"@loader_path/Frameworks",
				);
				MARKETING_VERSION = 1.0;
				PRODUCT_BUNDLE_IDENTIFIER = com.hyungseok.RestfulAPIUITests;
				PRODUCT_NAME = "$(TARGET_NAME)";
				SWIFT_EMIT_LOC_STRINGS = NO;
				SWIFT_VERSION = 5.0;
				TARGETED_DEVICE_FAMILY = "1,2";
				TEST_TARGET_NAME = RestfulAPI;
			};
			name = Release;
		};
/* End XCBuildConfiguration section */

/* Begin XCConfigurationList section */
		038A45B22753CC5300145D61 /* Build configuration list for PBXProject "RestfulAPI" */ = {
			isa = XCConfigurationList;
			buildConfigurations = (
				038A45DF2753CC5500145D61 /* Debug */,
				038A45E02753CC5500145D61 /* Release */,
			);
			defaultConfigurationIsVisible = 0;
			defaultConfigurationName = Release;
		};
		038A45E12753CC5500145D61 /* Build configuration list for PBXNativeTarget "RestfulAPI" */ = {
			isa = XCConfigurationList;
			buildConfigurations = (
				038A45E22753CC5500145D61 /* Debug */,
				038A45E32753CC5500145D61 /* Release */,
			);
			defaultConfigurationIsVisible = 0;
			defaultConfigurationName = Release;
		};
		038A45E42753CC5500145D61 /* Build configuration list for PBXNativeTarget "RestfulAPITests" */ = {
			isa = XCConfigurationList;
			buildConfigurations = (
				038A45E52753CC5500145D61 /* Debug */,
				038A45E62753CC5500145D61 /* Release */,
			);
			defaultConfigurationIsVisible = 0;
			defaultConfigurationName = Release;
		};
		038A45E72753CC5500145D61 /* Build configuration list for PBXNativeTarget "RestfulAPIUITests" */ = {
			isa = XCConfigurationList;
			buildConfigurations = (
				038A45E82753CC5500145D61 /* Debug */,
				038A45E92753CC5500145D61 /* Release */,
			);
			defaultConfigurationIsVisible = 0;
			defaultConfigurationName = Release;
		};
/* End XCConfigurationList section */
	};
	rootObject = 038A45AF2753CC5300145D61 /* Project object */;
}
